
Microsoft Visual Studio Solution File, Format Version 12.00
# Visual Studio Version 17
VisualStudioVersion = 17.4.33213.308
MinimumVisualStudioVersion = 10.0.40219.1
Project("{8BC9CEB8-8B4A-11D0-8D11-00A0C91BC942}") = "OpenEngine", "OpenEngine\OpenEngine.vcxproj", "{C614E477-B8EB-4675-AA9E-706FA68133BD}"
EndProject
Global
	GlobalSection(SolutionConfigurationPlatforms) = preSolution
		Debug|x64 = Debug|x64
		Debug|x86 = Debug|x86
		Release|x64 = Release|x64
		Release|x86 = Release|x86
	EndGlobalSection
	GlobalSection(ProjectConfigurationPlatforms) = postSolution
		{C614E477-B8EB-4675-AA9E-706FA68133BD}.Debug|x64.ActiveCfg = Debug|x64
		{C614E477-B8EB-4675-AA9E-706FA68133BD}.Debug|x64.Build.0 = Debug|x64
		{C614E477-B8EB-4675-AA9E-706FA68133BD}.Debug|x86.ActiveCfg = Debug|Win32
		{C614E477-B8EB-4675-AA9E-706FA68133BD}.Debug|x86.Build.0 = Debug|Win32
		{C614E477-B8EB-4675-AA9E-706FA68133BD}.Release|x64.ActiveCfg = Release|x64
		{C614E477-B8EB-4675-AA9E-706FA68133BD}.Release|x64.Build.0 = Release|x64
		{C614E477-B8EB-4675-AA9E-706FA68133BD}.Release|x86.ActiveCfg = Release|Win32
		{C614E477-B8EB-4675-AA9E-706FA68133BD}.Release|x86.Build.0 = Release|Win32
	EndGlobalSection
	GlobalSection(SolutionProperties) = preSolution
		HideSolutionNode = FALSE
	EndGlobalSection
	GlobalSection(ExtensibilityGlobals) = postSolution
		SolutionGuid = {95A79544-6619-4F0C-AF2F-C8AA40C07B1E}
	EndGlobalSection
EndGlobal
